
Microsoft Visual Studio Solution File, Format Version 12.00
# Visual Studio 15
VisualStudioVersion = 15.0.28307.960
MinimumVisualStudioVersion = 10.0.40219.1
Project("{FAE04EC0-301F-11D3-BF4B-00C04F79EFBC}") = "FloatingText_Test", "FloatingText_Test\FloatingText_Test.csproj", "{1A9D7F11-8FC7-4759-B21E-9CD184D97585}"
EndProject
Global
	GlobalSection(SolutionConfigurationPlatforms) = preSolution
		Debug|Any CPU = Debug|Any CPU
		Release|Any CPU = Release|Any CPU
	EndGlobalSection
	GlobalSection(ProjectConfigurationPlatforms) = postSolution
		{1A9D7F11-8FC7-4759-B21E-9CD184D97585}.Debug|Any CPU.ActiveCfg = Debug|Any CPU
		{1A9D7F11-8FC7-4759-B21E-9CD184D97585}.Debug|Any CPU.Build.0 = Debug|Any CPU
		{1A9D7F11-8FC7-4759-B21E-9CD184D97585}.Release|Any CPU.ActiveCfg = Release|Any CPU
		{1A9D7F11-8FC7-4759-B21E-9CD184D97585}.Release|Any CPU.Build.0 = Release|Any CPU
	EndGlobalSection
	GlobalSection(SolutionProperties) = preSolution
		HideSolutionNode = FALSE
	EndGlobalSection
	GlobalSection(ExtensibilityGlobals) = postSolution
		SolutionGuid = {1E655889-FABC-4538-B503-1ACF07774C60}
	EndGlobalSection
EndGlobal
